
Microsoft Visual Studio Solution File, Format Version 12.00
# Visual Studio Version 17
VisualStudioVersion = 17.11.35327.3
MinimumVisualStudioVersion = 10.0.40219.1
Project("{9A19103F-16F7-4668-BE54-9A1E7A4F7556}") = "WebAPI", "WebAPI\WebAPI.csproj", "{B43018A2-F9C9-4FCB-81EA-06ABEB2CD60E}"
EndProject
Project("{9A19103F-16F7-4668-BE54-9A1E7A4F7556}") = "WebApp", "Webapp\WebApp.csproj", "{C6061054-F3D9-4C5C-8310-3BE79689A7F8}"
EndProject
Global
	GlobalSection(SolutionConfigurationPlatforms) = preSolution
		Debug|Any CPU = Debug|Any CPU
		Release|Any CPU = Release|Any CPU
	EndGlobalSection
	GlobalSection(ProjectConfigurationPlatforms) = postSolution
		{B43018A2-F9C9-4FCB-81EA-06ABEB2CD60E}.Debug|Any CPU.ActiveCfg = Debug|Any CPU
		{B43018A2-F9C9-4FCB-81EA-06ABEB2CD60E}.Debug|Any CPU.Build.0 = Debug|Any CPU
		{B43018A2-F9C9-4FCB-81EA-06ABEB2CD60E}.Release|Any CPU.ActiveCfg = Release|Any CPU
		{B43018A2-F9C9-4FCB-81EA-06ABEB2CD60E}.Release|Any CPU.Build.0 = Release|Any CPU
		{C6061054-F3D9-4C5C-8310-3BE79689A7F8}.Debug|Any CPU.ActiveCfg = Debug|Any CPU
		{C6061054-F3D9-4C5C-8310-3BE79689A7F8}.Debug|Any CPU.Build.0 = Debug|Any CPU
		{C6061054-F3D9-4C5C-8310-3BE79689A7F8}.Release|Any CPU.ActiveCfg = Release|Any CPU
		{C6061054-F3D9-4C5C-8310-3BE79689A7F8}.Release|Any CPU.Build.0 = Release|Any CPU
	EndGlobalSection
	GlobalSection(SolutionProperties) = preSolution
		HideSolutionNode = FALSE
	EndGlobalSection
	GlobalSection(ExtensibilityGlobals) = postSolution
		SolutionGuid = {E3E7ED68-4508-481B-82D3-98D35C0D1A1B}
	EndGlobalSection
EndGlobal
